
Microsoft Visual Studio Solution File, Format Version 12.00
# Visual Studio Version 17
VisualStudioVersion = 17.14.36717.8 d17.14
MinimumVisualStudioVersion = 10.0.40219.1
Project("{2150E333-8FDC-42A3-9474-1A3956D46DE8}") = "src", "src", "{02EA681E-C7D8-13C7-8484-4AC65E1B71E8}"
EndProject
Project("{2150E333-8FDC-42A3-9474-1A3956D46DE8}") = "shared", "shared", "{EC9FE63C-ECFE-4680-B8EC-8B5932130F60}"
EndProject
Project("{2150E333-8FDC-42A3-9474-1A3956D46DE8}") = "services", "services", "{9CD01477-07F0-4CF0-8021-83B0C03BC375}"
EndProject
Project("{2150E333-8FDC-42A3-9474-1A3956D46DE8}") = "gateway", "gateway", "{871ABE90-27BF-4D27-B23E-EC8AE32183FA}"
EndProject
Project("{2150E333-8FDC-42A3-9474-1A3956D46DE8}") = "Customer", "Customer", "{F318CE8B-8BA6-4A87-BBB2-0E6174B0C999}"
EndProject
Project("{FAE04EC0-301F-11D3-BF4B-00C04F79EFBC}") = "CustomerServices.Api", "src\services\Customer\CustomerServices.Api\CustomerServices.Api.csproj", "{8AE84DAE-1B38-4348-8D87-DC7144F3A175}"
EndProject
Project("{FAE04EC0-301F-11D3-BF4B-00C04F79EFBC}") = "CustomerServices.Application", "src\services\Customer\CustomerServices.Application\CustomerServices.Application.csproj", "{678C5698-49C8-499E-867A-FA7506A16C7A}"
EndProject
Project("{FAE04EC0-301F-11D3-BF4B-00C04F79EFBC}") = "CustomerServices.Domain", "src\services\Customer\CustomerServices.Domain\CustomerServices.Domain.csproj", "{4676D873-53D4-4D53-88FC-E813374AA7D3}"
EndProject
Project("{FAE04EC0-301F-11D3-BF4B-00C04F79EFBC}") = "CustomerServices.Infra", "src\services\Customer\CustomerServices.Infra\CustomerServices.Infra.csproj", "{21316A73-4DD1-4D30-9FAD-A01CC48E76C2}"
EndProject
Project("{2150E333-8FDC-42A3-9474-1A3956D46DE8}") = "Order", "Order", "{4149F9AB-C74B-41CD-926B-4041E48AC5F8}"
EndProject
Project("{FAE04EC0-301F-11D3-BF4B-00C04F79EFBC}") = "OrderServices.Api", "src\services\Order\OrderServices.Api\OrderServices.Api.csproj", "{FF81EF5D-D29D-40D5-9B43-8BD97D693F7D}"
EndProject
Project("{FAE04EC0-301F-11D3-BF4B-00C04F79EFBC}") = "SharedLibrary", "shared\SharedLibrary\SharedLibrary.csproj", "{BF9A9C04-93D8-4EC5-9CE6-9988EF578F78}"
EndProject
Project("{FAE04EC0-301F-11D3-BF4B-00C04F79EFBC}") = "SharedBus", "shared\SharedBus\SharedBus.csproj", "{2170434C-10EB-48F7-8E02-61C5992C13C0}"
EndProject
Project("{FAE04EC0-301F-11D3-BF4B-00C04F79EFBC}") = "OrderServices.Infra", "src\services\Order\OrderServices.Infra\OrderServices.Infra.csproj", "{728A911B-3229-4333-92DA-11BBAF83E25F}"
EndProject
Project("{FAE04EC0-301F-11D3-BF4B-00C04F79EFBC}") = "OrderServices.Application", "src\services\Order\OrderServices.Application\OrderServices.Application.csproj", "{D9B84494-4C06-46A4-AA32-D16FF9066477}"
EndProject
Project("{FAE04EC0-301F-11D3-BF4B-00C04F79EFBC}") = "OrderServices.Domain", "src\services\Order\OrderServices.Domain\OrderServices.Domain.csproj", "{78326F63-60EC-4E24-82A3-3B800DD6F79E}"
EndProject
Project("{FAE04EC0-301F-11D3-BF4B-00C04F79EFBC}") = "YarpGateway", "src\gateway\YarpGateway\YarpGateway.csproj", "{3B99E8C3-88CE-4669-925D-7D2895A28C06}"
EndProject
Project("{2150E333-8FDC-42A3-9474-1A3956D46DE8}") = "Product", "Product", "{73C848A6-EAAE-4171-AC14-E6A00F9DFD9A}"
EndProject
Project("{FAE04EC0-301F-11D3-BF4B-00C04F79EFBC}") = "ProductService.Api", "src\services\Product\ProductService.Api\ProductService.Api.csproj", "{0613A72F-29A1-432E-8920-9187D865A9EB}"
EndProject
Project("{FAE04EC0-301F-11D3-BF4B-00C04F79EFBC}") = "ProductService.Domain", "src\services\Product\ProductService.Domain\ProductService.Domain.csproj", "{A6A43914-DD15-4EED-90EF-4FDD8880758B}"
EndProject
Project("{FAE04EC0-301F-11D3-BF4B-00C04F79EFBC}") = "ProductService.Infra", "src\services\Product\ProductService.Infra\ProductService.Infra.csproj", "{749EB5F7-8A67-4960-9186-9619DD0DBFDF}"
EndProject
Project("{FAE04EC0-301F-11D3-BF4B-00C04F79EFBC}") = "ProductService.Application", "src\services\Product\ProductService.Application\ProductService.Application.csproj", "{A71EAA7B-6398-4ED6-8247-C7C0F40E68FD}"
EndProject
Project("{2150E333-8FDC-42A3-9474-1A3956D46DE8}") = "aspire", "aspire", "{3CD7AA24-E75C-4F22-A293-8072941832ED}"
EndProject
Project("{FAE04EC0-301F-11D3-BF4B-00C04F79EFBC}") = "Microservice.AppHost", "aspire\Microservice.AppHost\Microservice.AppHost.csproj", "{13B6EDDA-9CAA-46FE-88E9-88E4696F173F}"
EndProject
Project("{FAE04EC0-301F-11D3-BF4B-00C04F79EFBC}") = "MicroService_ServiceDefaults", "aspire\MicroService_ServiceDefaults\MicroService_ServiceDefaults.csproj", "{BF5D3BE8-B0A0-4282-82DF-450ACFBE4377}"
EndProject
Global
	GlobalSection(SolutionConfigurationPlatforms) = preSolution
		Debug|Any CPU = Debug|Any CPU
		Release|Any CPU = Release|Any CPU
	EndGlobalSection
	GlobalSection(ProjectConfigurationPlatforms) = postSolution
		{8AE84DAE-1B38-4348-8D87-DC7144F3A175}.Debug|Any CPU.ActiveCfg = Debug|Any CPU
		{8AE84DAE-1B38-4348-8D87-DC7144F3A175}.Debug|Any CPU.Build.0 = Debug|Any CPU
		{8AE84DAE-1B38-4348-8D87-DC7144F3A175}.Release|Any CPU.ActiveCfg = Release|Any CPU
		{8AE84DAE-1B38-4348-8D87-DC7144F3A175}.Release|Any CPU.Build.0 = Release|Any CPU
		{678C5698-49C8-499E-867A-FA7506A16C7A}.Debug|Any CPU.ActiveCfg = Debug|Any CPU
		{678C5698-49C8-499E-867A-FA7506A16C7A}.Debug|Any CPU.Build.0 = Debug|Any CPU
		{678C5698-49C8-499E-867A-FA7506A16C7A}.Release|Any CPU.ActiveCfg = Release|Any CPU
		{678C5698-49C8-499E-867A-FA7506A16C7A}.Release|Any CPU.Build.0 = Release|Any CPU
		{4676D873-53D4-4D53-88FC-E813374AA7D3}.Debug|Any CPU.ActiveCfg = Debug|Any CPU
		{4676D873-53D4-4D53-88FC-E813374AA7D3}.Debug|Any CPU.Build.0 = Debug|Any CPU
		{4676D873-53D4-4D53-88FC-E813374AA7D3}.Release|Any CPU.ActiveCfg = Release|Any CPU
		{4676D873-53D4-4D53-88FC-E813374AA7D3}.Release|Any CPU.Build.0 = Release|Any CPU
		{21316A73-4DD1-4D30-9FAD-A01CC48E76C2}.Debug|Any CPU.ActiveCfg = Debug|Any CPU
		{21316A73-4DD1-4D30-9FAD-A01CC48E76C2}.Debug|Any CPU.Build.0 = Debug|Any CPU
		{21316A73-4DD1-4D30-9FAD-A01CC48E76C2}.Release|Any CPU.ActiveCfg = Release|Any CPU
		{21316A73-4DD1-4D30-9FAD-A01CC48E76C2}.Release|Any CPU.Build.0 = Release|Any CPU
		{FF81EF5D-D29D-40D5-9B43-8BD97D693F7D}.Debug|Any CPU.ActiveCfg = Debug|Any CPU
		{FF81EF5D-D29D-40D5-9B43-8BD97D693F7D}.Debug|Any CPU.Build.0 = Debug|Any CPU
		{FF81EF5D-D29D-40D5-9B43-8BD97D693F7D}.Release|Any CPU.ActiveCfg = Release|Any CPU
		{FF81EF5D-D29D-40D5-9B43-8BD97D693F7D}.Release|Any CPU.Build.0 = Release|Any CPU
		{BF9A9C04-93D8-4EC5-9CE6-9988EF578F78}.Debug|Any CPU.ActiveCfg = Debug|Any CPU
		{BF9A9C04-93D8-4EC5-9CE6-9988EF578F78}.Debug|Any CPU.Build.0 = Debug|Any CPU
		{BF9A9C04-93D8-4EC5-9CE6-9988EF578F78}.Release|Any CPU.ActiveCfg = Release|Any CPU
		{BF9A9C04-93D8-4EC5-9CE6-9988EF578F78}.Release|Any CPU.Build.0 = Release|Any CPU
		{2170434C-10EB-48F7-8E02-61C5992C13C0}.Debug|Any CPU.ActiveCfg = Debug|Any CPU
		{2170434C-10EB-48F7-8E02-61C5992C13C0}.Debug|Any CPU.Build.0 = Debug|Any CPU
		{2170434C-10EB-48F7-8E02-61C5992C13C0}.Release|Any CPU.ActiveCfg = Release|Any CPU
		{2170434C-10EB-48F7-8E02-61C5992C13C0}.Release|Any CPU.Build.0 = Release|Any CPU
		{728A911B-3229-4333-92DA-11BBAF83E25F}.Debug|Any CPU.ActiveCfg = Debug|Any CPU
		{728A911B-3229-4333-92DA-11BBAF83E25F}.Debug|Any CPU.Build.0 = Debug|Any CPU
		{728A911B-3229-4333-92DA-11BBAF83E25F}.Release|Any CPU.ActiveCfg = Release|Any CPU
		{728A911B-3229-4333-92DA-11BBAF83E25F}.Release|Any CPU.Build.0 = Release|Any CPU
		{D9B84494-4C06-46A4-AA32-D16FF9066477}.Debug|Any CPU.ActiveCfg = Debug|Any CPU
		{D9B84494-4C06-46A4-AA32-D16FF9066477}.Debug|Any CPU.Build.0 = Debug|Any CPU
		{D9B84494-4C06-46A4-AA32-D16FF9066477}.Release|Any CPU.ActiveCfg = Release|Any CPU
		{D9B84494-4C06-46A4-AA32-D16FF9066477}.Release|Any CPU.Build.0 = Release|Any CPU
		{78326F63-60EC-4E24-82A3-3B800DD6F79E}.Debug|Any CPU.ActiveCfg = Debug|Any CPU
		{78326F63-60EC-4E24-82A3-3B800DD6F79E}.Debug|Any CPU.Build.0 = Debug|Any CPU
		{78326F63-60EC-4E24-82A3-3B800DD6F79E}.Release|Any CPU.ActiveCfg = Release|Any CPU
		{78326F63-60EC-4E24-82A3-3B800DD6F79E}.Release|Any CPU.Build.0 = Release|Any CPU
		{3B99E8C3-88CE-4669-925D-7D2895A28C06}.Debug|Any CPU.ActiveCfg = Debug|Any CPU
		{3B99E8C3-88CE-4669-925D-7D2895A28C06}.Debug|Any CPU.Build.0 = Debug|Any CPU
		{3B99E8C3-88CE-4669-925D-7D2895A28C06}.Release|Any CPU.ActiveCfg = Release|Any CPU
		{3B99E8C3-88CE-4669-925D-7D2895A28C06}.Release|Any CPU.Build.0 = Release|Any CPU
		{0613A72F-29A1-432E-8920-9187D865A9EB}.Debug|Any CPU.ActiveCfg = Debug|Any CPU
		{0613A72F-29A1-432E-8920-9187D865A9EB}.Debug|Any CPU.Build.0 = Debug|Any CPU
		{0613A72F-29A1-432E-8920-9187D865A9EB}.Release|Any CPU.ActiveCfg = Release|Any CPU
		{0613A72F-29A1-432E-8920-9187D865A9EB}.Release|Any CPU.Build.0 = Release|Any CPU
		{A6A43914-DD15-4EED-90EF-4FDD8880758B}.Debug|Any CPU.ActiveCfg = Debug|Any CPU
		{A6A43914-DD15-4EED-90EF-4FDD8880758B}.Debug|Any CPU.Build.0 = Debug|Any CPU
		{A6A43914-DD15-4EED-90EF-4FDD8880758B}.Release|Any CPU.ActiveCfg = Release|Any CPU
		{A6A43914-DD15-4EED-90EF-4FDD8880758B}.Release|Any CPU.Build.0 = Release|Any CPU
		{749EB5F7-8A67-4960-9186-9619DD0DBFDF}.Debug|Any CPU.ActiveCfg = Debug|Any CPU
		{749EB5F7-8A67-4960-9186-9619DD0DBFDF}.Debug|Any CPU.Build.0 = Debug|Any CPU
		{749EB5F7-8A67-4960-9186-9619DD0DBFDF}.Release|Any CPU.ActiveCfg = Release|Any CPU
		{749EB5F7-8A67-4960-9186-9619DD0DBFDF}.Release|Any CPU.Build.0 = Release|Any CPU
		{A71EAA7B-6398-4ED6-8247-C7C0F40E68FD}.Debug|Any CPU.ActiveCfg = Debug|Any CPU
		{A71EAA7B-6398-4ED6-8247-C7C0F40E68FD}.Debug|Any CPU.Build.0 = Debug|Any CPU
		{A71EAA7B-6398-4ED6-8247-C7C0F40E68FD}.Release|Any CPU.ActiveCfg = Release|Any CPU
		{A71EAA7B-6398-4ED6-8247-C7C0F40E68FD}.Release|Any CPU.Build.0 = Release|Any CPU
		{13B6EDDA-9CAA-46FE-88E9-88E4696F173F}.Debug|Any CPU.ActiveCfg = Debug|Any CPU
		{13B6EDDA-9CAA-46FE-88E9-88E4696F173F}.Debug|Any CPU.Build.0 = Debug|Any CPU
		{13B6EDDA-9CAA-46FE-88E9-88E4696F173F}.Release|Any CPU.ActiveCfg = Release|Any CPU
		{13B6EDDA-9CAA-46FE-88E9-88E4696F173F}.Release|Any CPU.Build.0 = Release|Any CPU
		{BF5D3BE8-B0A0-4282-82DF-450ACFBE4377}.Debug|Any CPU.ActiveCfg = Debug|Any CPU
		{BF5D3BE8-B0A0-4282-82DF-450ACFBE4377}.Debug|Any CPU.Build.0 = Debug|Any CPU
		{BF5D3BE8-B0A0-4282-82DF-450ACFBE4377}.Release|Any CPU.ActiveCfg = Release|Any CPU
		{BF5D3BE8-B0A0-4282-82DF-450ACFBE4377}.Release|Any CPU.Build.0 = Release|Any CPU
	EndGlobalSection
	GlobalSection(SolutionProperties) = preSolution
		HideSolutionNode = FALSE
	EndGlobalSection
	GlobalSection(NestedProjects) = preSolution
		{9CD01477-07F0-4CF0-8021-83B0C03BC375} = {02EA681E-C7D8-13C7-8484-4AC65E1B71E8}
		{871ABE90-27BF-4D27-B23E-EC8AE32183FA} = {02EA681E-C7D8-13C7-8484-4AC65E1B71E8}
		{F318CE8B-8BA6-4A87-BBB2-0E6174B0C999} = {9CD01477-07F0-4CF0-8021-83B0C03BC375}
		{8AE84DAE-1B38-4348-8D87-DC7144F3A175} = {F318CE8B-8BA6-4A87-BBB2-0E6174B0C999}
		{678C5698-49C8-499E-867A-FA7506A16C7A} = {F318CE8B-8BA6-4A87-BBB2-0E6174B0C999}
		{4676D873-53D4-4D53-88FC-E813374AA7D3} = {F318CE8B-8BA6-4A87-BBB2-0E6174B0C999}
		{21316A73-4DD1-4D30-9FAD-A01CC48E76C2} = {F318CE8B-8BA6-4A87-BBB2-0E6174B0C999}
		{4149F9AB-C74B-41CD-926B-4041E48AC5F8} = {9CD01477-07F0-4CF0-8021-83B0C03BC375}
		{FF81EF5D-D29D-40D5-9B43-8BD97D693F7D} = {4149F9AB-C74B-41CD-926B-4041E48AC5F8}
		{BF9A9C04-93D8-4EC5-9CE6-9988EF578F78} = {EC9FE63C-ECFE-4680-B8EC-8B5932130F60}
		{2170434C-10EB-48F7-8E02-61C5992C13C0} = {EC9FE63C-ECFE-4680-B8EC-8B5932130F60}
		{728A911B-3229-4333-92DA-11BBAF83E25F} = {4149F9AB-C74B-41CD-926B-4041E48AC5F8}
		{D9B84494-4C06-46A4-AA32-D16FF9066477} = {4149F9AB-C74B-41CD-926B-4041E48AC5F8}
		{78326F63-60EC-4E24-82A3-3B800DD6F79E} = {4149F9AB-C74B-41CD-926B-4041E48AC5F8}
		{3B99E8C3-88CE-4669-925D-7D2895A28C06} = {871ABE90-27BF-4D27-B23E-EC8AE32183FA}
		{73C848A6-EAAE-4171-AC14-E6A00F9DFD9A} = {9CD01477-07F0-4CF0-8021-83B0C03BC375}
		{0613A72F-29A1-432E-8920-9187D865A9EB} = {73C848A6-EAAE-4171-AC14-E6A00F9DFD9A}
		{A6A43914-DD15-4EED-90EF-4FDD8880758B} = {73C848A6-EAAE-4171-AC14-E6A00F9DFD9A}
		{749EB5F7-8A67-4960-9186-9619DD0DBFDF} = {73C848A6-EAAE-4171-AC14-E6A00F9DFD9A}
		{A71EAA7B-6398-4ED6-8247-C7C0F40E68FD} = {73C848A6-EAAE-4171-AC14-E6A00F9DFD9A}
		{13B6EDDA-9CAA-46FE-88E9-88E4696F173F} = {3CD7AA24-E75C-4F22-A293-8072941832ED}
		{BF5D3BE8-B0A0-4282-82DF-450ACFBE4377} = {3CD7AA24-E75C-4F22-A293-8072941832ED}
	EndGlobalSection
	GlobalSection(ExtensibilityGlobals) = postSolution
		SolutionGuid = {D7DCDF35-91E1-459A-A650-D5906596355B}
	EndGlobalSection
EndGlobal
